// !$*UTF8*$!
{
	archiveVersion = 1;
	classes = {
	};
	objectVersion = 55;
	objects = {

/* Begin PBXBuildFile section */
		4F4E860C284F854500514A9E /* RecommendationCollectionViewCell.swift in Sources */ = {isa = PBXBuildFile; fileRef = 4F4E860A284F854500514A9E /* RecommendationCollectionViewCell.swift */; };
		4F4E860D284F854500514A9E /* RecommendationCollectionViewCell.xib in Resources */ = {isa = PBXBuildFile; fileRef = 4F4E860B284F854500514A9E /* RecommendationCollectionViewCell.xib */; };
		4FB9AA2A28509DF800ACF931 /* CastCollectionViewCell.swift in Sources */ = {isa = PBXBuildFile; fileRef = 4FB9AA2828509DF800ACF931 /* CastCollectionViewCell.swift */; };
		4FB9AA2B28509DF800ACF931 /* CastCollectionViewCell.xib in Resources */ = {isa = PBXBuildFile; fileRef = 4FB9AA2928509DF800ACF931 /* CastCollectionViewCell.xib */; };
		4FB9AA2D2850A7E100ACF931 /* CastDetail.swift in Sources */ = {isa = PBXBuildFile; fileRef = 4FB9AA2C2850A7E100ACF931 /* CastDetail.swift */; };
		4FDA6C6C2853617C00B7B2CA /* DataManager.swift in Sources */ = {isa = PBXBuildFile; fileRef = 4FDA6C6B2853617C00B7B2CA /* DataManager.swift */; };
		6F265CC12846B3F20032026D /* Network.swift in Sources */ = {isa = PBXBuildFile; fileRef = 6F265CC02846B3F20032026D /* Network.swift */; };
		6F265CC52846B4430032026D /* MovieListViewController.swift in Sources */ = {isa = PBXBuildFile; fileRef = 6F265CC42846B4430032026D /* MovieListViewController.swift */; };
		6F265CC82846B4660032026D /* MovieTableViewCell.swift in Sources */ = {isa = PBXBuildFile; fileRef = 6F265CC62846B4660032026D /* MovieTableViewCell.swift */; };
		6F265CC92846B4660032026D /* MovieTableViewCell.xib in Resources */ = {isa = PBXBuildFile; fileRef = 6F265CC72846B4660032026D /* MovieTableViewCell.xib */; };
		6F265CCC2846B49C0032026D /* MovieDetailViewController.swift in Sources */ = {isa = PBXBuildFile; fileRef = 6F265CCB2846B49C0032026D /* MovieDetailViewController.swift */; };
		6F265CCF2846B4E60032026D /* MoviesFavoriteViewController.swift in Sources */ = {isa = PBXBuildFile; fileRef = 6F265CCE2846B4E60032026D /* MoviesFavoriteViewController.swift */; };
		6F265CD22846B4FF0032026D /* CastDetailViewController.swift in Sources */ = {isa = PBXBuildFile; fileRef = 6F265CD12846B4FF0032026D /* CastDetailViewController.swift */; };
		6F265CD42846B5230032026D /* MovieService.swift in Sources */ = {isa = PBXBuildFile; fileRef = 6F265CD32846B5230032026D /* MovieService.swift */; };
		6F265CD62846B5560032026D /* Movie.swift in Sources */ = {isa = PBXBuildFile; fileRef = 6F265CD52846B5560032026D /* Movie.swift */; };
		6F265CD82846B57A0032026D /* AllMovieResponse.swift in Sources */ = {isa = PBXBuildFile; fileRef = 6F265CD72846B57A0032026D /* AllMovieResponse.swift */; };
		6F265CDA2846D0D50032026D /* morbius.jpeg in Resources */ = {isa = PBXBuildFile; fileRef = 6F265CD92846D0D30032026D /* morbius.jpeg */; };
		6F265CDD28476CD90032026D /* Kingfisher in Frameworks */ = {isa = PBXBuildFile; productRef = 6F265CDC28476CD90032026D /* Kingfisher */; };
		6F73057E284A48110098B02E /* MovieDetail.swift in Sources */ = {isa = PBXBuildFile; fileRef = 6F73057D284A48110098B02E /* MovieDetail.swift */; };
		6F94A239284924FB004C6BD0 /* MovieGenre.swift in Sources */ = {isa = PBXBuildFile; fileRef = 6F94A238284924FA004C6BD0 /* MovieGenre.swift */; };
		6F94A23B284925F7004C6BD0 /* ProductionCompany.swift in Sources */ = {isa = PBXBuildFile; fileRef = 6F94A23A284925F7004C6BD0 /* ProductionCompany.swift */; };
		6F94A23D284927E6004C6BD0 /* Cast.swift in Sources */ = {isa = PBXBuildFile; fileRef = 6F94A23C284927E6004C6BD0 /* Cast.swift */; };
		6F94A23F284927FD004C6BD0 /* Credits.swift in Sources */ = {isa = PBXBuildFile; fileRef = 6F94A23E284927FD004C6BD0 /* Credits.swift */; };
		6FA53BFD284692020006396A /* AppDelegate.swift in Sources */ = {isa = PBXBuildFile; fileRef = 6FA53BFC284692020006396A /* AppDelegate.swift */; };
		6FA53BFF284692030006396A /* SceneDelegate.swift in Sources */ = {isa = PBXBuildFile; fileRef = 6FA53BFE284692030006396A /* SceneDelegate.swift */; };
		6FA53C04284692040006396A /* Main.storyboard in Resources */ = {isa = PBXBuildFile; fileRef = 6FA53C02284692040006396A /* Main.storyboard */; };
		6FA53C06284692A50006396A /* Assets.xcassets in Resources */ = {isa = PBXBuildFile; fileRef = 6FA53C05284692A50006396A /* Assets.xcassets */; };
		6FA53C09284692A50006396A /* LaunchScreen.storyboard in Resources */ = {isa = PBXBuildFile; fileRef = 6FA53C07284692A50006396A /* LaunchScreen.storyboard */; };
/* End PBXBuildFile section */

/* Begin PBXFileReference section */
		4F4E860A284F854500514A9E /* RecommendationCollectionViewCell.swift */ = {isa = PBXFileReference; lastKnownFileType = sourcecode.swift; path = RecommendationCollectionViewCell.swift; sourceTree = "<group>"; };
		4F4E860B284F854500514A9E /* RecommendationCollectionViewCell.xib */ = {isa = PBXFileReference; lastKnownFileType = file.xib; path = RecommendationCollectionViewCell.xib; sourceTree = "<group>"; };
		4FAB388528586E4D00834498 /* tr */ = {isa = PBXFileReference; lastKnownFileType = text.plist.strings; name = tr; path = tr.lproj/Main.strings; sourceTree = "<group>"; };
		4FAB388628586E4D00834498 /* tr */ = {isa = PBXFileReference; lastKnownFileType = text.plist.strings; name = tr; path = tr.lproj/LaunchScreen.strings; sourceTree = "<group>"; };
		4FB9AA2828509DF800ACF931 /* CastCollectionViewCell.swift */ = {isa = PBXFileReference; lastKnownFileType = sourcecode.swift; path = CastCollectionViewCell.swift; sourceTree = "<group>"; };
		4FB9AA2928509DF800ACF931 /* CastCollectionViewCell.xib */ = {isa = PBXFileReference; lastKnownFileType = file.xib; path = CastCollectionViewCell.xib; sourceTree = "<group>"; };
		4FB9AA2C2850A7E100ACF931 /* CastDetail.swift */ = {isa = PBXFileReference; lastKnownFileType = sourcecode.swift; path = CastDetail.swift; sourceTree = "<group>"; };
		4FDA6C6B2853617C00B7B2CA /* DataManager.swift */ = {isa = PBXFileReference; lastKnownFileType = sourcecode.swift; path = DataManager.swift; sourceTree = "<group>"; };
		6F265CC02846B3F20032026D /* Network.swift */ = {isa = PBXFileReference; lastKnownFileType = sourcecode.swift; path = Network.swift; sourceTree = "<group>"; };
		6F265CC42846B4430032026D /* MovieListViewController.swift */ = {isa = PBXFileReference; lastKnownFileType = sourcecode.swift; path = MovieListViewController.swift; sourceTree = "<group>"; };
		6F265CC62846B4660032026D /* MovieTableViewCell.swift */ = {isa = PBXFileReference; lastKnownFileType = sourcecode.swift; path = MovieTableViewCell.swift; sourceTree = "<group>"; };
		6F265CC72846B4660032026D /* MovieTableViewCell.xib */ = {isa = PBXFileReference; lastKnownFileType = file.xib; path = MovieTableViewCell.xib; sourceTree = "<group>"; };
		6F265CCB2846B49C0032026D /* MovieDetailViewController.swift */ = {isa = PBXFileReference; lastKnownFileType = sourcecode.swift; path = MovieDetailViewController.swift; sourceTree = "<group>"; };
		6F265CCE2846B4E60032026D /* MoviesFavoriteViewController.swift */ = {isa = PBXFileReference; lastKnownFileType = sourcecode.swift; path = MoviesFavoriteViewController.swift; sourceTree = "<group>"; };
		6F265CD12846B4FF0032026D /* CastDetailViewController.swift */ = {isa = PBXFileReference; lastKnownFileType = sourcecode.swift; path = CastDetailViewController.swift; sourceTree = "<group>"; };
		6F265CD32846B5230032026D /* MovieService.swift */ = {isa = PBXFileReference; lastKnownFileType = sourcecode.swift; path = MovieService.swift; sourceTree = "<group>"; };
		6F265CD52846B5560032026D /* Movie.swift */ = {isa = PBXFileReference; lastKnownFileType = sourcecode.swift; path = Movie.swift; sourceTree = "<group>"; };
		6F265CD72846B57A0032026D /* AllMovieResponse.swift */ = {isa = PBXFileReference; lastKnownFileType = sourcecode.swift; path = AllMovieResponse.swift; sourceTree = "<group>"; };
		6F265CD92846D0D30032026D /* morbius.jpeg */ = {isa = PBXFileReference; lastKnownFileType = image.jpeg; path = morbius.jpeg; sourceTree = "<group>"; };
		6F73057D284A48110098B02E /* MovieDetail.swift */ = {isa = PBXFileReference; lastKnownFileType = sourcecode.swift; path = MovieDetail.swift; sourceTree = "<group>"; };
		6F94A238284924FA004C6BD0 /* MovieGenre.swift */ = {isa = PBXFileReference; lastKnownFileType = sourcecode.swift; path = MovieGenre.swift; sourceTree = "<group>"; };
		6F94A23A284925F7004C6BD0 /* ProductionCompany.swift */ = {isa = PBXFileReference; lastKnownFileType = sourcecode.swift; path = ProductionCompany.swift; sourceTree = "<group>"; };
		6F94A23C284927E6004C6BD0 /* Cast.swift */ = {isa = PBXFileReference; lastKnownFileType = sourcecode.swift; path = Cast.swift; sourceTree = "<group>"; };
		6F94A23E284927FD004C6BD0 /* Credits.swift */ = {isa = PBXFileReference; lastKnownFileType = sourcecode.swift; path = Credits.swift; sourceTree = "<group>"; };
		6FA53BF9284692020006396A /* MovieMag.app */ = {isa = PBXFileReference; explicitFileType = wrapper.application; includeInIndex = 0; path = MovieMag.app; sourceTree = BUILT_PRODUCTS_DIR; };
		6FA53BFC284692020006396A /* AppDelegate.swift */ = {isa = PBXFileReference; lastKnownFileType = sourcecode.swift; path = AppDelegate.swift; sourceTree = "<group>"; };
		6FA53BFE284692030006396A /* SceneDelegate.swift */ = {isa = PBXFileReference; lastKnownFileType = sourcecode.swift; path = SceneDelegate.swift; sourceTree = "<group>"; };
		6FA53C03284692040006396A /* Base */ = {isa = PBXFileReference; lastKnownFileType = file.storyboard; name = Base; path = Base.lproj/Main.storyboard; sourceTree = "<group>"; };
		6FA53C05284692A50006396A /* Assets.xcassets */ = {isa = PBXFileReference; lastKnownFileType = folder.assetcatalog; path = Assets.xcassets; sourceTree = "<group>"; };
		6FA53C08284692A50006396A /* Base */ = {isa = PBXFileReference; lastKnownFileType = file.storyboard; name = Base; path = Base.lproj/LaunchScreen.storyboard; sourceTree = "<group>"; };
		6FA53C0A284692A60006396A /* Info.plist */ = {isa = PBXFileReference; lastKnownFileType = text.plist.xml; path = Info.plist; sourceTree = "<group>"; };
/* End PBXFileReference section */

/* Begin PBXFrameworksBuildPhase section */
		6FA53BF6284692000006396A /* Frameworks */ = {
			isa = PBXFrameworksBuildPhase;
			buildActionMask = 2147483647;
			files = (
				6F265CDD28476CD90032026D /* Kingfisher in Frameworks */,
			);
			runOnlyForDeploymentPostprocessing = 0;
		};
/* End PBXFrameworksBuildPhase section */

/* Begin PBXGroup section */
		4FAB388A28588CFC00834498 /* Data */ = {
			isa = PBXGroup;
			children = (
				4FDA6C6B2853617C00B7B2CA /* DataManager.swift */,
			);
			path = Data;
			sourceTree = "<group>";
		};
		6F265CBC2846B3B70032026D /* Network */ = {
			isa = PBXGroup;
			children = (
				6F265CC02846B3F20032026D /* Network.swift */,
				6F265CBE2846B3D30032026D /* Models */,
				6F265CBF2846B3DF0032026D /* Services */,
			);
			path = Network;
			sourceTree = "<group>";
		};
		6F265CBD2846B3C10032026D /* Views */ = {
			isa = PBXGroup;
			children = (
				6F265CD02846B4EF0032026D /* CastDetail */,
				6F265CCD2846B4C90032026D /* MoviesFavorite */,
				6F265CCA2846B4750032026D /* MovieDetail */,
				6F265CC22846B4150032026D /* MovieList */,
			);
			path = Views;
			sourceTree = "<group>";
		};
		6F265CBE2846B3D30032026D /* Models */ = {
			isa = PBXGroup;
			children = (
				6F265CD52846B5560032026D /* Movie.swift */,
				6F265CD72846B57A0032026D /* AllMovieResponse.swift */,
				6F94A238284924FA004C6BD0 /* MovieGenre.swift */,
				6F94A23A284925F7004C6BD0 /* ProductionCompany.swift */,
				6F94A23C284927E6004C6BD0 /* Cast.swift */,
				6F94A23E284927FD004C6BD0 /* Credits.swift */,
				6F73057D284A48110098B02E /* MovieDetail.swift */,
				4FB9AA2C2850A7E100ACF931 /* CastDetail.swift */,
			);
			path = Models;
			sourceTree = "<group>";
		};
		6F265CBF2846B3DF0032026D /* Services */ = {
			isa = PBXGroup;
			children = (
				6F265CD32846B5230032026D /* MovieService.swift */,
			);
			path = Services;
			sourceTree = "<group>";
		};
		6F265CC22846B4150032026D /* MovieList */ = {
			isa = PBXGroup;
			children = (
				6F265CC32846B4200032026D /* Cells */,
				6F265CC42846B4430032026D /* MovieListViewController.swift */,
			);
			path = MovieList;
			sourceTree = "<group>";
		};
		6F265CC32846B4200032026D /* Cells */ = {
			isa = PBXGroup;
			children = (
				6F265CC62846B4660032026D /* MovieTableViewCell.swift */,
				6F265CC72846B4660032026D /* MovieTableViewCell.xib */,
				4F4E860A284F854500514A9E /* RecommendationCollectionViewCell.swift */,
				4F4E860B284F854500514A9E /* RecommendationCollectionViewCell.xib */,
				4FB9AA2828509DF800ACF931 /* CastCollectionViewCell.swift */,
				4FB9AA2928509DF800ACF931 /* CastCollectionViewCell.xib */,
			);
			path = Cells;
			sourceTree = "<group>";
		};
		6F265CCA2846B4750032026D /* MovieDetail */ = {
			isa = PBXGroup;
			children = (
				6F265CCB2846B49C0032026D /* MovieDetailViewController.swift */,
			);
			path = MovieDetail;
			sourceTree = "<group>";
		};
		6F265CCD2846B4C90032026D /* MoviesFavorite */ = {
			isa = PBXGroup;
			children = (
				6F265CCE2846B4E60032026D /* MoviesFavoriteViewController.swift */,
			);
			path = MoviesFavorite;
			sourceTree = "<group>";
		};
		6F265CD02846B4EF0032026D /* CastDetail */ = {
			isa = PBXGroup;
			children = (
				6F265CD12846B4FF0032026D /* CastDetailViewController.swift */,
			);
			path = CastDetail;
			sourceTree = "<group>";
		};
		6FA53BF0284691FC0006396A = {
			isa = PBXGroup;
			children = (
				6F265CD92846D0D30032026D /* morbius.jpeg */,
				6FA53BFB284692020006396A /* MovieMag */,
				6FA53BFA284692020006396A /* Products */,
			);
			sourceTree = "<group>";
		};
		6FA53BFA284692020006396A /* Products */ = {
			isa = PBXGroup;
			children = (
				6FA53BF9284692020006396A /* MovieMag.app */,
			);
			name = Products;
			sourceTree = "<group>";
		};
		6FA53BFB284692020006396A /* MovieMag */ = {
			isa = PBXGroup;
			children = (
				4FAB388A28588CFC00834498 /* Data */,
				6F265CBD2846B3C10032026D /* Views */,
				6F265CBC2846B3B70032026D /* Network */,
				6FA53BFC284692020006396A /* AppDelegate.swift */,
				6FA53BFE284692030006396A /* SceneDelegate.swift */,
				6FA53C02284692040006396A /* Main.storyboard */,
				6FA53C05284692A50006396A /* Assets.xcassets */,
				6FA53C07284692A50006396A /* LaunchScreen.storyboard */,
				6FA53C0A284692A60006396A /* Info.plist */,
			);
			path = MovieMag;
			sourceTree = "<group>";
		};
/* End PBXGroup section */

/* Begin PBXNativeTarget section */
		6FA53BF8284692000006396A /* MovieMag */ = {
			isa = PBXNativeTarget;
			buildConfigurationList = 6FA53C0D284692A60006396A /* Build configuration list for PBXNativeTarget "MovieMag" */;
			buildPhases = (
				6FA53BF5284692000006396A /* Sources */,
				6FA53BF6284692000006396A /* Frameworks */,
				6FA53BF7284692000006396A /* Resources */,
			);
			buildRules = (
			);
			dependencies = (
			);
			name = MovieMag;
			packageProductDependencies = (
				6F265CDC28476CD90032026D /* Kingfisher */,
			);
			productName = MovieMag;
			productReference = 6FA53BF9284692020006396A /* MovieMag.app */;
			productType = "com.apple.product-type.application";
		};
/* End PBXNativeTarget section */

/* Begin PBXProject section */
		6FA53BF1284691FE0006396A /* Project object */ = {
			isa = PBXProject;
			attributes = {
				BuildIndependentTargetsInParallel = 1;
				LastSwiftUpdateCheck = 1330;
				LastUpgradeCheck = 1330;
				TargetAttributes = {
					6FA53BF8284692000006396A = {
						CreatedOnToolsVersion = 13.3;
					};
				};
			};
			buildConfigurationList = 6FA53BF4284691FE0006396A /* Build configuration list for PBXProject "MovieMag" */;
			compatibilityVersion = "Xcode 13.0";
			developmentRegion = en;
			hasScannedForEncodings = 0;
			knownRegions = (
				en,
				Base,
				tr,
			);
			mainGroup = 6FA53BF0284691FC0006396A;
			packageReferences = (
				6F265CDB28476CD90032026D /* XCRemoteSwiftPackageReference "KingFisher.git" */,
			);
			productRefGroup = 6FA53BFA284692020006396A /* Products */;
			projectDirPath = "";
			projectRoot = "";
			targets = (
				6FA53BF8284692000006396A /* MovieMag */,
			);
		};
/* End PBXProject section */

/* Begin PBXResourcesBuildPhase section */
		6FA53BF7284692000006396A /* Resources */ = {
			isa = PBXResourcesBuildPhase;
			buildActionMask = 2147483647;
			files = (
				6F265CDA2846D0D50032026D /* morbius.jpeg in Resources */,
				6FA53C09284692A50006396A /* LaunchScreen.storyboard in Resources */,
				6FA53C06284692A50006396A /* Assets.xcassets in Resources */,
				6F265CC92846B4660032026D /* MovieTableViewCell.xib in Resources */,
				6FA53C04284692040006396A /* Main.storyboard in Resources */,
				4FB9AA2B28509DF800ACF931 /* CastCollectionViewCell.xib in Resources */,
				4F4E860D284F854500514A9E /* RecommendationCollectionViewCell.xib in Resources */,
			);
			runOnlyForDeploymentPostprocessing = 0;
		};
/* End PBXResourcesBuildPhase section */

/* Begin PBXSourcesBuildPhase section */
		6FA53BF5284692000006396A /* Sources */ = {
			isa = PBXSourcesBuildPhase;
			buildActionMask = 2147483647;
			files = (
				6F265CD82846B57A0032026D /* AllMovieResponse.swift in Sources */,
				4FDA6C6C2853617C00B7B2CA /* DataManager.swift in Sources */,
				4FB9AA2D2850A7E100ACF931 /* CastDetail.swift in Sources */,
				6F265CC52846B4430032026D /* MovieListViewController.swift in Sources */,
				6F94A23D284927E6004C6BD0 /* Cast.swift in Sources */,
				6F265CC82846B4660032026D /* MovieTableViewCell.swift in Sources */,
				4FB9AA2A28509DF800ACF931 /* CastCollectionViewCell.swift in Sources */,
				6F265CCF2846B4E60032026D /* MoviesFavoriteViewController.swift in Sources */,
				6F94A23F284927FD004C6BD0 /* Credits.swift in Sources */,
				6F94A239284924FB004C6BD0 /* MovieGenre.swift in Sources */,
				6F265CD42846B5230032026D /* MovieService.swift in Sources */,
				6FA53BFD284692020006396A /* AppDelegate.swift in Sources */,
				6F94A23B284925F7004C6BD0 /* ProductionCompany.swift in Sources */,
				4F4E860C284F854500514A9E /* RecommendationCollectionViewCell.swift in Sources */,
				6F265CCC2846B49C0032026D /* MovieDetailViewController.swift in Sources */,
				6F265CC12846B3F20032026D /* Network.swift in Sources */,
				6F265CD22846B4FF0032026D /* CastDetailViewController.swift in Sources */,
				6F73057E284A48110098B02E /* MovieDetail.swift in Sources */,
				6F265CD62846B5560032026D /* Movie.swift in Sources */,
				6FA53BFF284692030006396A /* SceneDelegate.swift in Sources */,
			);
			runOnlyForDeploymentPostprocessing = 0;
		};
/* End PBXSourcesBuildPhase section */

/* Begin PBXVariantGroup section */
		6FA53C02284692040006396A /* Main.storyboard */ = {
			isa = PBXVariantGroup;
			children = (
				6FA53C03284692040006396A /* Base */,
				4FAB388528586E4D00834498 /* tr */,
			);
			name = Main.storyboard;
			sourceTree = "<group>";
		};
		6FA53C07284692A50006396A /* LaunchScreen.storyboard */ = {
			isa = PBXVariantGroup;
			children = (
				6FA53C08284692A50006396A /* Base */,
				4FAB388628586E4D00834498 /* tr */,
			);
			name = LaunchScreen.storyboard;
			sourceTree = "<group>";
		};
/* End PBXVariantGroup section */

/* Begin XCBuildConfiguration section */
		6FA53C0B284692A60006396A /* Debug */ = {
			isa = XCBuildConfiguration;
			buildSettings = {
				ALWAYS_SEARCH_USER_PATHS = NO;
				CLANG_ANALYZER_LOCALIZABILITY_NONLOCALIZED = YES;
				CLANG_ANALYZER_NONNULL = YES;
				CLANG_ANALYZER_NUMBER_OBJECT_CONVERSION = YES_AGGRESSIVE;
				CLANG_CXX_LANGUAGE_STANDARD = "gnu++17";
				CLANG_ENABLE_MODULES = YES;
				CLANG_ENABLE_OBJC_ARC = YES;
				CLANG_ENABLE_OBJC_WEAK = YES;
				CLANG_WARN_BLOCK_CAPTURE_AUTORELEASING = YES;
				CLANG_WARN_BOOL_CONVERSION = YES;
				CLANG_WARN_COMMA = YES;
				CLANG_WARN_CONSTANT_CONVERSION = YES;
				CLANG_WARN_DEPRECATED_OBJC_IMPLEMENTATIONS = YES;
				CLANG_WARN_DIRECT_OBJC_ISA_USAGE = YES_ERROR;
				CLANG_WARN_DOCUMENTATION_COMMENTS = YES;
				CLANG_WARN_EMPTY_BODY = YES;
				CLANG_WARN_ENUM_CONVERSION = YES;
				CLANG_WARN_INFINITE_RECURSION = YES;
				CLANG_WARN_INT_CONVERSION = YES;
				CLANG_WARN_NON_LITERAL_NULL_CONVERSION = YES;
				CLANG_WARN_OBJC_IMPLICIT_RETAIN_SELF = YES;
				CLANG_WARN_OBJC_LITERAL_CONVERSION = YES;
				CLANG_WARN_OBJC_ROOT_CLASS = YES_ERROR;
				CLANG_WARN_QUOTED_INCLUDE_IN_FRAMEWORK_HEADER = YES;
				CLANG_WARN_RANGE_LOOP_ANALYSIS = YES;
				CLANG_WARN_STRICT_PROTOTYPES = YES;
				CLANG_WARN_SUSPICIOUS_MOVE = YES;
				CLANG_WARN_UNGUARDED_AVAILABILITY = YES_AGGRESSIVE;
				CLANG_WARN_UNREACHABLE_CODE = YES;
				CLANG_WARN__DUPLICATE_METHOD_MATCH = YES;
				COPY_PHASE_STRIP = NO;
				DEBUG_INFORMATION_FORMAT = dwarf;
				ENABLE_STRICT_OBJC_MSGSEND = YES;
				ENABLE_TESTABILITY = YES;
				GCC_C_LANGUAGE_STANDARD = gnu11;
				GCC_DYNAMIC_NO_PIC = NO;
				GCC_NO_COMMON_BLOCKS = YES;
				GCC_OPTIMIZATION_LEVEL = 0;
				GCC_PREPROCESSOR_DEFINITIONS = (
					"DEBUG=1",
					"$(inherited)",
				);
				GCC_WARN_64_TO_32_BIT_CONVERSION = YES;
				GCC_WARN_ABOUT_RETURN_TYPE = YES_ERROR;
				GCC_WARN_UNDECLARED_SELECTOR = YES;
				GCC_WARN_UNINITIALIZED_AUTOS = YES_AGGRESSIVE;
				GCC_WARN_UNUSED_FUNCTION = YES;
				GCC_WARN_UNUSED_VARIABLE = YES;
				IPHONEOS_DEPLOYMENT_TARGET = 15.4;
				MTL_ENABLE_DEBUG_INFO = INCLUDE_SOURCE;
				MTL_FAST_MATH = YES;
				ONLY_ACTIVE_ARCH = YES;
				SDKROOT = iphoneos;
				SWIFT_ACTIVE_COMPILATION_CONDITIONS = DEBUG;
				SWIFT_OPTIMIZATION_LEVEL = "-Onone";
			};
			name = Debug;
		};
		6FA53C0C284692A60006396A /* Release */ = {
			isa = XCBuildConfiguration;
			buildSettings = {
				ALWAYS_SEARCH_USER_PATHS = NO;
				CLANG_ANALYZER_LOCALIZABILITY_NONLOCALIZED = YES;
				CLANG_ANALYZER_NONNULL = YES;
				CLANG_ANALYZER_NUMBER_OBJECT_CONVERSION = YES_AGGRESSIVE;
				CLANG_CXX_LANGUAGE_STANDARD = "gnu++17";
				CLANG_ENABLE_MODULES = YES;
				CLANG_ENABLE_OBJC_ARC = YES;
				CLANG_ENABLE_OBJC_WEAK = YES;
				CLANG_WARN_BLOCK_CAPTURE_AUTORELEASING = YES;
				CLANG_WARN_BOOL_CONVERSION = YES;
				CLANG_WARN_COMMA = YES;
				CLANG_WARN_CONSTANT_CONVERSION = YES;
				CLANG_WARN_DEPRECATED_OBJC_IMPLEMENTATIONS = YES;
				CLANG_WARN_DIRECT_OBJC_ISA_USAGE = YES_ERROR;
				CLANG_WARN_DOCUMENTATION_COMMENTS = YES;
				CLANG_WARN_EMPTY_BODY = YES;
				CLANG_WARN_ENUM_CONVERSION = YES;
				CLANG_WARN_INFINITE_RECURSION = YES;
				CLANG_WARN_INT_CONVERSION = YES;
				CLANG_WARN_NON_LITERAL_NULL_CONVERSION = YES;
				CLANG_WARN_OBJC_IMPLICIT_RETAIN_SELF = YES;
				CLANG_WARN_OBJC_LITERAL_CONVERSION = YES;
				CLANG_WARN_OBJC_ROOT_CLASS = YES_ERROR;
				CLANG_WARN_QUOTED_INCLUDE_IN_FRAMEWORK_HEADER = YES;
				CLANG_WARN_RANGE_LOOP_ANALYSIS = YES;
				CLANG_WARN_STRICT_PROTOTYPES = YES;
				CLANG_WARN_SUSPICIOUS_MOVE = YES;
				CLANG_WARN_UNGUARDED_AVAILABILITY = YES_AGGRESSIVE;
				CLANG_WARN_UNREACHABLE_CODE = YES;
				CLANG_WARN__DUPLICATE_METHOD_MATCH = YES;
				COPY_PHASE_STRIP = NO;
				DEBUG_INFORMATION_FORMAT = "dwarf-with-dsym";
				ENABLE_NS_ASSERTIONS = NO;
				ENABLE_STRICT_OBJC_MSGSEND = YES;
				GCC_C_LANGUAGE_STANDARD = gnu11;
				GCC_NO_COMMON_BLOCKS = YES;
				GCC_WARN_64_TO_32_BIT_CONVERSION = YES;
				GCC_WARN_ABOUT_RETURN_TYPE = YES_ERROR;
				GCC_WARN_UNDECLARED_SELECTOR = YES;
				GCC_WARN_UNINITIALIZED_AUTOS = YES_AGGRESSIVE;
				GCC_WARN_UNUSED_FUNCTION = YES;
				GCC_WARN_UNUSED_VARIABLE = YES;
				IPHONEOS_DEPLOYMENT_TARGET = 15.4;
				MTL_ENABLE_DEBUG_INFO = NO;
				MTL_FAST_MATH = YES;
				SDKROOT = iphoneos;
				SWIFT_COMPILATION_MODE = wholemodule;
				SWIFT_OPTIMIZATION_LEVEL = "-O";
				VALIDATE_PRODUCT = YES;
			};
			name = Release;
		};
		6FA53C0E284692A60006396A /* Debug */ = {
			isa = XCBuildConfiguration;
			buildSettings = {
				ASSETCATALOG_COMPILER_APPICON_NAME = AppIcon;
				ASSETCATALOG_COMPILER_GLOBAL_ACCENT_COLOR_NAME = AccentColor;
				CODE_SIGN_STYLE = Automatic;
				CURRENT_PROJECT_VERSION = 1;
				GENERATE_INFOPLIST_FILE = YES;
				INFOPLIST_FILE = MovieMag/Info.plist;
				INFOPLIST_KEY_UIApplicationSupportsIndirectInputEvents = YES;
				INFOPLIST_KEY_UILaunchStoryboardName = LaunchScreen;
				INFOPLIST_KEY_UIMainStoryboardFile = Main;
				INFOPLIST_KEY_UISupportedInterfaceOrientations = UIInterfaceOrientationPortrait;
				INFOPLIST_KEY_UISupportedInterfaceOrientations_iPad = "UIInterfaceOrientationPortrait UIInterfaceOrientationPortraitUpsideDown UIInterfaceOrientationLandscapeLeft UIInterfaceOrientationLandscapeRight";
				INFOPLIST_KEY_UISupportedInterfaceOrientations_iPhone = "UIInterfaceOrientationPortrait UIInterfaceOrientationLandscapeLeft UIInterfaceOrientationLandscapeRight";
				IPHONEOS_DEPLOYMENT_TARGET = 13.0;
				LD_RUNPATH_SEARCH_PATHS = (
					"$(inherited)",
					"@executable_path/Frameworks",
				);
				MARKETING_VERSION = 1.0;
				PRODUCT_BUNDLE_IDENTIFIER = com.obss.MovieMag;
				PRODUCT_NAME = "$(TARGET_NAME)";
				SWIFT_EMIT_LOC_STRINGS = YES;
				SWIFT_VERSION = 5.0;
				TARGETED_DEVICE_FAMILY = "1,2";
			};
			name = Debug;
		};
		6FA53C0F284692A60006396A /* Release */ = {
			isa = XCBuildConfiguration;
			buildSettings = {
				ASSETCATALOG_COMPILER_APPICON_NAME = AppIcon;
				ASSETCATALOG_COMPILER_GLOBAL_ACCENT_COLOR_NAME = AccentColor;
				CODE_SIGN_STYLE = Automatic;
				CURRENT_PROJECT_VERSION = 1;
				GENERATE_INFOPLIST_FILE = YES;
				INFOPLIST_FILE = MovieMag/Info.plist;
				INFOPLIST_KEY_UIApplicationSupportsIndirectInputEvents = YES;
				INFOPLIST_KEY_UILaunchStoryboardName = LaunchScreen;
				INFOPLIST_KEY_UIMainStoryboardFile = Main;
				INFOPLIST_KEY_UISupportedInterfaceOrientations = UIInterfaceOrientationPortrait;
				INFOPLIST_KEY_UISupportedInterfaceOrientations_iPad = "UIInterfaceOrientationPortrait UIInterfaceOrientationPortraitUpsideDown UIInterfaceOrientationLandscapeLeft UIInterfaceOrientationLandscapeRight";
				INFOPLIST_KEY_UISupportedInterfaceOrientations_iPhone = "UIInterfaceOrientationPortrait UIInterfaceOrientationLandscapeLeft UIInterfaceOrientationLandscapeRight";
				IPHONEOS_DEPLOYMENT_TARGET = 13.0;
				LD_RUNPATH_SEARCH_PATHS = (
					"$(inherited)",
					"@executable_path/Frameworks",
				);
				MARKETING_VERSION = 1.0;
				PRODUCT_BUNDLE_IDENTIFIER = com.obss.MovieMag;
				PRODUCT_NAME = "$(TARGET_NAME)";
				SWIFT_EMIT_LOC_STRINGS = YES;
				SWIFT_VERSION = 5.0;
				TARGETED_DEVICE_FAMILY = "1,2";
			};
			name = Release;
		};
/* End XCBuildConfiguration section */

/* Begin XCConfigurationList section */
		6FA53BF4284691FE0006396A /* Build configuration list for PBXProject "MovieMag" */ = {
			isa = XCConfigurationList;
			buildConfigurations = (
				6FA53C0B284692A60006396A /* Debug */,
				6FA53C0C284692A60006396A /* Release */,
			);
			defaultConfigurationIsVisible = 0;
			defaultConfigurationName = Release;
		};
		6FA53C0D284692A60006396A /* Build configuration list for PBXNativeTarget "MovieMag" */ = {
			isa = XCConfigurationList;
			buildConfigurations = (
				6FA53C0E284692A60006396A /* Debug */,
				6FA53C0F284692A60006396A /* Release */,
			);
			defaultConfigurationIsVisible = 0;
			defaultConfigurationName = Release;
		};
/* End XCConfigurationList section */

/* Begin XCRemoteSwiftPackageReference section */
		6F265CDB28476CD90032026D /* XCRemoteSwiftPackageReference "KingFisher.git" */ = {
			isa = XCRemoteSwiftPackageReference;
			repositoryURL = "https://github.com/onevcat/KingFisher.git";
			requirement = {
				kind = upToNextMajorVersion;
				minimumVersion = 7.0.0;
			};
		};
/* End XCRemoteSwiftPackageReference section */

/* Begin XCSwiftPackageProductDependency section */
		6F265CDC28476CD90032026D /* Kingfisher */ = {
			isa = XCSwiftPackageProductDependency;
			package = 6F265CDB28476CD90032026D /* XCRemoteSwiftPackageReference "KingFisher.git" */;
			productName = Kingfisher;
		};
/* End XCSwiftPackageProductDependency section */
	};
	rootObject = 6FA53BF1284691FE0006396A /* Project object */;
}
